
Microsoft Visual Studio Solution File, Format Version 12.00
# Visual Studio Version 17
VisualStudioVersion = 17.14.36616.10
MinimumVisualStudioVersion = 10.0.40219.1
Project("{2150E333-8FDC-42A3-9474-1A3956D46DE8}") = "Core", "Core", "{02EA681E-C7D8-13C7-8484-4AC65E1B71E8}"
EndProject
Project("{2150E333-8FDC-42A3-9474-1A3956D46DE8}") = "Infrastructere", "Infrastructere", "{E03F8421-C07A-4228-AC47-4912852FD11F}"
EndProject
Project("{2150E333-8FDC-42A3-9474-1A3956D46DE8}") = "Presentation", "Presentation", "{54642F08-F5BB-4468-BC30-135B91432AD1}"
EndProject
Project("{FAE04EC0-301F-11D3-BF4B-00C04F79EFBC}") = "Onion.Domain", "Core\Onion.Domain\Onion.Domain.csproj", "{CC770308-D0B9-40BE-9795-AC0879A8290B}"
EndProject
Project("{FAE04EC0-301F-11D3-BF4B-00C04F79EFBC}") = "Onion.Contract", "Core\Onion.Contract\Onion.Contract.csproj", "{42A8F7B4-ED25-4A34-9805-FC4C4A81726D}"
EndProject
Project("{FAE04EC0-301F-11D3-BF4B-00C04F79EFBC}") = "Onion.Application", "Core\Onion.Application\Onion.Application.csproj", "{CC071712-455A-4725-910C-42CD062C7335}"
EndProject
Project("{FAE04EC0-301F-11D3-BF4B-00C04F79EFBC}") = "Onion.InnerInfrastructure", "Infrastructure\Onion.InnerInfrastructure\Onion.InnerInfrastructure.csproj", "{4AAC756F-1791-4D15-9B96-53184F4A966E}"
EndProject
Project("{FAE04EC0-301F-11D3-BF4B-00C04F79EFBC}") = "Onion.Persistence", "Infrastructure\Onion.Persistence\Onion.Persistence.csproj", "{C8774BCB-386D-BACE-4F7D-8F109919AEBC}"
EndProject
Project("{FAE04EC0-301F-11D3-BF4B-00C04F79EFBC}") = "Onion.WebApi", "Presentation\Onion.WebApi\Onion.WebApi.csproj", "{865A1F56-8D6F-46CE-BBD1-277318F5A307}"
EndProject
Global
	GlobalSection(SolutionConfigurationPlatforms) = preSolution
		Debug|Any CPU = Debug|Any CPU
		Release|Any CPU = Release|Any CPU
	EndGlobalSection
	GlobalSection(ProjectConfigurationPlatforms) = postSolution
		{CC770308-D0B9-40BE-9795-AC0879A8290B}.Debug|Any CPU.ActiveCfg = Debug|Any CPU
		{CC770308-D0B9-40BE-9795-AC0879A8290B}.Debug|Any CPU.Build.0 = Debug|Any CPU
		{CC770308-D0B9-40BE-9795-AC0879A8290B}.Release|Any CPU.ActiveCfg = Release|Any CPU
		{CC770308-D0B9-40BE-9795-AC0879A8290B}.Release|Any CPU.Build.0 = Release|Any CPU
		{42A8F7B4-ED25-4A34-9805-FC4C4A81726D}.Debug|Any CPU.ActiveCfg = Debug|Any CPU
		{42A8F7B4-ED25-4A34-9805-FC4C4A81726D}.Debug|Any CPU.Build.0 = Debug|Any CPU
		{42A8F7B4-ED25-4A34-9805-FC4C4A81726D}.Release|Any CPU.ActiveCfg = Release|Any CPU
		{42A8F7B4-ED25-4A34-9805-FC4C4A81726D}.Release|Any CPU.Build.0 = Release|Any CPU
		{CC071712-455A-4725-910C-42CD062C7335}.Debug|Any CPU.ActiveCfg = Debug|Any CPU
		{CC071712-455A-4725-910C-42CD062C7335}.Debug|Any CPU.Build.0 = Debug|Any CPU
		{CC071712-455A-4725-910C-42CD062C7335}.Release|Any CPU.ActiveCfg = Release|Any CPU
		{CC071712-455A-4725-910C-42CD062C7335}.Release|Any CPU.Build.0 = Release|Any CPU
		{4AAC756F-1791-4D15-9B96-53184F4A966E}.Debug|Any CPU.ActiveCfg = Debug|Any CPU
		{4AAC756F-1791-4D15-9B96-53184F4A966E}.Debug|Any CPU.Build.0 = Debug|Any CPU
		{4AAC756F-1791-4D15-9B96-53184F4A966E}.Release|Any CPU.ActiveCfg = Release|Any CPU
		{4AAC756F-1791-4D15-9B96-53184F4A966E}.Release|Any CPU.Build.0 = Release|Any CPU
		{C8774BCB-386D-BACE-4F7D-8F109919AEBC}.Debug|Any CPU.ActiveCfg = Debug|Any CPU
		{C8774BCB-386D-BACE-4F7D-8F109919AEBC}.Debug|Any CPU.Build.0 = Debug|Any CPU
		{C8774BCB-386D-BACE-4F7D-8F109919AEBC}.Release|Any CPU.ActiveCfg = Release|Any CPU
		{C8774BCB-386D-BACE-4F7D-8F109919AEBC}.Release|Any CPU.Build.0 = Release|Any CPU
		{865A1F56-8D6F-46CE-BBD1-277318F5A307}.Debug|Any CPU.ActiveCfg = Debug|Any CPU
		{865A1F56-8D6F-46CE-BBD1-277318F5A307}.Debug|Any CPU.Build.0 = Debug|Any CPU
		{865A1F56-8D6F-46CE-BBD1-277318F5A307}.Release|Any CPU.ActiveCfg = Release|Any CPU
		{865A1F56-8D6F-46CE-BBD1-277318F5A307}.Release|Any CPU.Build.0 = Release|Any CPU
	EndGlobalSection
	GlobalSection(SolutionProperties) = preSolution
		HideSolutionNode = FALSE
	EndGlobalSection
	GlobalSection(NestedProjects) = preSolution
		{CC770308-D0B9-40BE-9795-AC0879A8290B} = {02EA681E-C7D8-13C7-8484-4AC65E1B71E8}
		{42A8F7B4-ED25-4A34-9805-FC4C4A81726D} = {02EA681E-C7D8-13C7-8484-4AC65E1B71E8}
		{CC071712-455A-4725-910C-42CD062C7335} = {02EA681E-C7D8-13C7-8484-4AC65E1B71E8}
		{4AAC756F-1791-4D15-9B96-53184F4A966E} = {E03F8421-C07A-4228-AC47-4912852FD11F}
		{C8774BCB-386D-BACE-4F7D-8F109919AEBC} = {E03F8421-C07A-4228-AC47-4912852FD11F}
		{865A1F56-8D6F-46CE-BBD1-277318F5A307} = {54642F08-F5BB-4468-BC30-135B91432AD1}
	EndGlobalSection
	GlobalSection(ExtensibilityGlobals) = postSolution
		SolutionGuid = {EB2D792A-52A4-44D4-9CE8-9721DC018EC4}
	EndGlobalSection
EndGlobal
